// !$*UTF8*$!
{
	archiveVersion = 1;
	classes = {
	};
	objectVersion = 46;
	objects = {

/* Begin PBXBuildFile section */
		036807AB1B4AF11100AADDCE /* LogInViewController.m in Sources */ = {isa = PBXBuildFile; fileRef = 036807A91B4AF11100AADDCE /* LogInViewController.m */; };
		036807AC1B4AF11100AADDCE /* LogInViewController.xib in Resources */ = {isa = PBXBuildFile; fileRef = 036807AA1B4AF11100AADDCE /* LogInViewController.xib */; };
		036807C91B4AF2EA00AADDCE /* SignUpViewController.m in Sources */ = {isa = PBXBuildFile; fileRef = 036807C71B4AF2EA00AADDCE /* SignUpViewController.m */; };
		036807CA1B4AF2EA00AADDCE /* SignUpViewController.xib in Resources */ = {isa = PBXBuildFile; fileRef = 036807C81B4AF2EA00AADDCE /* SignUpViewController.xib */; };
		036807D51B4AF40D00AADDCE /* LandingViewController.m in Sources */ = {isa = PBXBuildFile; fileRef = 036807D31B4AF40D00AADDCE /* LandingViewController.m */; };
		036807D61B4AF40D00AADDCE /* LandingViewController.xib in Resources */ = {isa = PBXBuildFile; fileRef = 036807D41B4AF40D00AADDCE /* LandingViewController.xib */; };
		036807DD1B4AF57C00AADDCE /* BallViewController.m in Sources */ = {isa = PBXBuildFile; fileRef = 036807DB1B4AF57C00AADDCE /* BallViewController.m */; };
		036807DE1B4AF57C00AADDCE /* BallViewController.xib in Resources */ = {isa = PBXBuildFile; fileRef = 036807DC1B4AF57C00AADDCE /* BallViewController.xib */; };
		036807E31B4AF5B300AADDCE /* SettingsViewController.m in Sources */ = {isa = PBXBuildFile; fileRef = 036807E11B4AF5B300AADDCE /* SettingsViewController.m */; };
		036807E41B4AF5B300AADDCE /* SettingsViewController.xib in Resources */ = {isa = PBXBuildFile; fileRef = 036807E21B4AF5B300AADDCE /* SettingsViewController.xib */; };
		036807E91B4AF5F500AADDCE /* EventsViewController.m in Sources */ = {isa = PBXBuildFile; fileRef = 036807E71B4AF5F500AADDCE /* EventsViewController.m */; };
		036807EA1B4AF5F500AADDCE /* EventsViewController.xib in Resources */ = {isa = PBXBuildFile; fileRef = 036807E81B4AF5F500AADDCE /* EventsViewController.xib */; };
		03EC8E201B45D77E00E9319A /* main.m in Sources */ = {isa = PBXBuildFile; fileRef = 03EC8E1F1B45D77E00E9319A /* main.m */; };
		03EC8E231B45D77E00E9319A /* AppDelegate.m in Sources */ = {isa = PBXBuildFile; fileRef = 03EC8E221B45D77E00E9319A /* AppDelegate.m */; };
		03EC8E261B45D77E00E9319A /* Engo.xcdatamodeld in Sources */ = {isa = PBXBuildFile; fileRef = 03EC8E241B45D77E00E9319A /* Engo.xcdatamodeld */; };
		03EC8E2C1B45D77E00E9319A /* Main.storyboard in Resources */ = {isa = PBXBuildFile; fileRef = 03EC8E2A1B45D77E00E9319A /* Main.storyboard */; };
		03EC8E2E1B45D77E00E9319A /* Images.xcassets in Resources */ = {isa = PBXBuildFile; fileRef = 03EC8E2D1B45D77E00E9319A /* Images.xcassets */; };
		03EC8E3D1B45D77E00E9319A /* EngoTests.m in Sources */ = {isa = PBXBuildFile; fileRef = 03EC8E3C1B45D77E00E9319A /* EngoTests.m */; };
/* End PBXBuildFile section */

/* Begin PBXContainerItemProxy section */
		03EC8E371B45D77E00E9319A /* PBXContainerItemProxy */ = {
			isa = PBXContainerItemProxy;
			containerPortal = 03EC8E121B45D77D00E9319A /* Project object */;
			proxyType = 1;
			remoteGlobalIDString = 03EC8E191B45D77D00E9319A;
			remoteInfo = Engo;
		};
/* End PBXContainerItemProxy section */

/* Begin PBXFileReference section */
		036807A81B4AF11100AADDCE /* LogInViewController.h */ = {isa = PBXFileReference; fileEncoding = 4; lastKnownFileType = sourcecode.c.h; name = LogInViewController.h; path = Initial/LogIn/LogInViewController.h; sourceTree = "<group>"; };
		036807A91B4AF11100AADDCE /* LogInViewController.m */ = {isa = PBXFileReference; fileEncoding = 4; lastKnownFileType = sourcecode.c.objc; name = LogInViewController.m; path = Initial/LogIn/LogInViewController.m; sourceTree = "<group>"; };
		036807AA1B4AF11100AADDCE /* LogInViewController.xib */ = {isa = PBXFileReference; fileEncoding = 4; lastKnownFileType = file.xib; name = LogInViewController.xib; path = Initial/LogIn/LogInViewController.xib; sourceTree = "<group>"; };
		036807C61B4AF2EA00AADDCE /* SignUpViewController.h */ = {isa = PBXFileReference; fileEncoding = 4; lastKnownFileType = sourcecode.c.h; name = SignUpViewController.h; path = Initial/SignUp/SignUpViewController.h; sourceTree = "<group>"; };
		036807C71B4AF2EA00AADDCE /* SignUpViewController.m */ = {isa = PBXFileReference; fileEncoding = 4; lastKnownFileType = sourcecode.c.objc; name = SignUpViewController.m; path = Initial/SignUp/SignUpViewController.m; sourceTree = "<group>"; };
		036807C81B4AF2EA00AADDCE /* SignUpViewController.xib */ = {isa = PBXFileReference; fileEncoding = 4; lastKnownFileType = file.xib; name = SignUpViewController.xib; path = Initial/SignUp/SignUpViewController.xib; sourceTree = "<group>"; };
		036807D21B4AF40D00AADDCE /* LandingViewController.h */ = {isa = PBXFileReference; fileEncoding = 4; lastKnownFileType = sourcecode.c.h; name = LandingViewController.h; path = Initial/Landing/LandingViewController.h; sourceTree = "<group>"; };
		036807D31B4AF40D00AADDCE /* LandingViewController.m */ = {isa = PBXFileReference; fileEncoding = 4; lastKnownFileType = sourcecode.c.objc; name = LandingViewController.m; path = Initial/Landing/LandingViewController.m; sourceTree = "<group>"; };
		036807D41B4AF40D00AADDCE /* LandingViewController.xib */ = {isa = PBXFileReference; fileEncoding = 4; lastKnownFileType = file.xib; name = LandingViewController.xib; path = Initial/Landing/LandingViewController.xib; sourceTree = "<group>"; };
		036807DA1B4AF57C00AADDCE /* BallViewController.h */ = {isa = PBXFileReference; fileEncoding = 4; lastKnownFileType = sourcecode.c.h; name = BallViewController.h; path = Main/Ball/BallViewController.h; sourceTree = "<group>"; };
		036807DB1B4AF57C00AADDCE /* BallViewController.m */ = {isa = PBXFileReference; fileEncoding = 4; lastKnownFileType = sourcecode.c.objc; name = BallViewController.m; path = Main/Ball/BallViewController.m; sourceTree = "<group>"; };
		036807DC1B4AF57C00AADDCE /* BallViewController.xib */ = {isa = PBXFileReference; fileEncoding = 4; lastKnownFileType = file.xib; name = BallViewController.xib; path = Main/Ball/BallViewController.xib; sourceTree = "<group>"; };
		036807E01B4AF5B300AADDCE /* SettingsViewController.h */ = {isa = PBXFileReference; fileEncoding = 4; lastKnownFileType = sourcecode.c.h; name = SettingsViewController.h; path = Main/Settings/SettingsViewController.h; sourceTree = "<group>"; };
		036807E11B4AF5B300AADDCE /* SettingsViewController.m */ = {isa = PBXFileReference; fileEncoding = 4; lastKnownFileType = sourcecode.c.objc; name = SettingsViewController.m; path = Main/Settings/SettingsViewController.m; sourceTree = "<group>"; };
		036807E21B4AF5B300AADDCE /* SettingsViewController.xib */ = {isa = PBXFileReference; fileEncoding = 4; lastKnownFileType = file.xib; name = SettingsViewController.xib; path = Main/Settings/SettingsViewController.xib; sourceTree = "<group>"; };
		036807E61B4AF5F500AADDCE /* EventsViewController.h */ = {isa = PBXFileReference; fileEncoding = 4; lastKnownFileType = sourcecode.c.h; name = EventsViewController.h; path = Main/Events/EventsViewController.h; sourceTree = "<group>"; };
		036807E71B4AF5F500AADDCE /* EventsViewController.m */ = {isa = PBXFileReference; fileEncoding = 4; lastKnownFileType = sourcecode.c.objc; name = EventsViewController.m; path = Main/Events/EventsViewController.m; sourceTree = "<group>"; };
		036807E81B4AF5F500AADDCE /* EventsViewController.xib */ = {isa = PBXFileReference; fileEncoding = 4; lastKnownFileType = file.xib; name = EventsViewController.xib; path = Main/Events/EventsViewController.xib; sourceTree = "<group>"; };
		03EC8E1A1B45D77E00E9319A /* Engo.app */ = {isa = PBXFileReference; explicitFileType = wrapper.application; includeInIndex = 0; path = Engo.app; sourceTree = BUILT_PRODUCTS_DIR; };
		03EC8E1E1B45D77E00E9319A /* Info.plist */ = {isa = PBXFileReference; lastKnownFileType = text.plist.xml; path = Info.plist; sourceTree = "<group>"; };
		03EC8E1F1B45D77E00E9319A /* main.m */ = {isa = PBXFileReference; lastKnownFileType = sourcecode.c.objc; path = main.m; sourceTree = "<group>"; };
		03EC8E211B45D77E00E9319A /* AppDelegate.h */ = {isa = PBXFileReference; lastKnownFileType = sourcecode.c.h; path = AppDelegate.h; sourceTree = "<group>"; };
		03EC8E221B45D77E00E9319A /* AppDelegate.m */ = {isa = PBXFileReference; lastKnownFileType = sourcecode.c.objc; path = AppDelegate.m; sourceTree = "<group>"; };
		03EC8E251B45D77E00E9319A /* Engo.xcdatamodel */ = {isa = PBXFileReference; lastKnownFileType = wrapper.xcdatamodel; path = Engo.xcdatamodel; sourceTree = "<group>"; };
		03EC8E2B1B45D77E00E9319A /* Base */ = {isa = PBXFileReference; lastKnownFileType = file.storyboard; name = Base; path = Base.lproj/Main.storyboard; sourceTree = "<group>"; };
		03EC8E2D1B45D77E00E9319A /* Images.xcassets */ = {isa = PBXFileReference; lastKnownFileType = folder.assetcatalog; path = Images.xcassets; sourceTree = "<group>"; };
		03EC8E361B45D77E00E9319A /* EngoTests.xctest */ = {isa = PBXFileReference; explicitFileType = wrapper.cfbundle; includeInIndex = 0; path = EngoTests.xctest; sourceTree = BUILT_PRODUCTS_DIR; };
		03EC8E3B1B45D77E00E9319A /* Info.plist */ = {isa = PBXFileReference; lastKnownFileType = text.plist.xml; path = Info.plist; sourceTree = "<group>"; };
		03EC8E3C1B45D77E00E9319A /* EngoTests.m */ = {isa = PBXFileReference; lastKnownFileType = sourcecode.c.objc; path = EngoTests.m; sourceTree = "<group>"; };
/* End PBXFileReference section */

/* Begin PBXFrameworksBuildPhase section */
		03EC8E171B45D77D00E9319A /* Frameworks */ = {
			isa = PBXFrameworksBuildPhase;
			buildActionMask = 2147483647;
			files = (
			);
			runOnlyForDeploymentPostprocessing = 0;
		};
		03EC8E331B45D77E00E9319A /* Frameworks */ = {
			isa = PBXFrameworksBuildPhase;
			buildActionMask = 2147483647;
			files = (
			);
			runOnlyForDeploymentPostprocessing = 0;
		};
/* End PBXFrameworksBuildPhase section */

/* Begin PBXGroup section */
		036807AD1B4AF11800AADDCE /* Log In */ = {
			isa = PBXGroup;
			children = (
				036807A81B4AF11100AADDCE /* LogInViewController.h */,
				036807A91B4AF11100AADDCE /* LogInViewController.m */,
				036807AA1B4AF11100AADDCE /* LogInViewController.xib */,
			);
			name = "Log In";
			sourceTree = "<group>";
		};
		036807CB1B4AF2EF00AADDCE /* Sign Up */ = {
			isa = PBXGroup;
			children = (
				036807C61B4AF2EA00AADDCE /* SignUpViewController.h */,
				036807C71B4AF2EA00AADDCE /* SignUpViewController.m */,
				036807C81B4AF2EA00AADDCE /* SignUpViewController.xib */,
			);
			name = "Sign Up";
			sourceTree = "<group>";
		};
		036807D11B4AF36700AADDCE /* Events */ = {
			isa = PBXGroup;
			children = (
				036807E61B4AF5F500AADDCE /* EventsViewController.h */,
				036807E71B4AF5F500AADDCE /* EventsViewController.m */,
				036807E81B4AF5F500AADDCE /* EventsViewController.xib */,
			);
			name = Events;
			sourceTree = "<group>";
		};
		036807D71B4AF41100AADDCE /* Landing */ = {
			isa = PBXGroup;
			children = (
				036807D21B4AF40D00AADDCE /* LandingViewController.h */,
				036807D31B4AF40D00AADDCE /* LandingViewController.m */,
				036807D41B4AF40D00AADDCE /* LandingViewController.xib */,
			);
			name = Landing;
			sourceTree = "<group>";
		};
		036807D81B4AF41B00AADDCE /* Initial Pages */ = {
			isa = PBXGroup;
			children = (
				036807D71B4AF41100AADDCE /* Landing */,
				036807CB1B4AF2EF00AADDCE /* Sign Up */,
				036807AD1B4AF11800AADDCE /* Log In */,
			);
			name = "Initial Pages";
			sourceTree = "<group>";
		};
		036807D91B4AF42F00AADDCE /* Main Pages */ = {
			isa = PBXGroup;
			children = (
				036807D11B4AF36700AADDCE /* Events */,
				036807DF1B4AF58700AADDCE /* Ball */,
				036807E51B4AF5B800AADDCE /* Settings */,
			);
			name = "Main Pages";
			sourceTree = "<group>";
		};
		036807DF1B4AF58700AADDCE /* Ball */ = {
			isa = PBXGroup;
			children = (
				036807DA1B4AF57C00AADDCE /* BallViewController.h */,
				036807DB1B4AF57C00AADDCE /* BallViewController.m */,
				036807DC1B4AF57C00AADDCE /* BallViewController.xib */,
			);
			name = Ball;
			sourceTree = "<group>";
		};
		036807E51B4AF5B800AADDCE /* Settings */ = {
			isa = PBXGroup;
			children = (
				036807E01B4AF5B300AADDCE /* SettingsViewController.h */,
				036807E11B4AF5B300AADDCE /* SettingsViewController.m */,
				036807E21B4AF5B300AADDCE /* SettingsViewController.xib */,
			);
			name = Settings;
			sourceTree = "<group>";
		};
		03EC8E111B45D77D00E9319A = {
			isa = PBXGroup;
			children = (
				03EC8E1C1B45D77E00E9319A /* Engo */,
				03EC8E391B45D77E00E9319A /* EngoTests */,
				03EC8E1B1B45D77E00E9319A /* Products */,
			);
			sourceTree = "<group>";
		};
		03EC8E1B1B45D77E00E9319A /* Products */ = {
			isa = PBXGroup;
			children = (
				03EC8E1A1B45D77E00E9319A /* Engo.app */,
				03EC8E361B45D77E00E9319A /* EngoTests.xctest */,
			);
			name = Products;
			sourceTree = "<group>";
		};
		03EC8E1C1B45D77E00E9319A /* Engo */ = {
			isa = PBXGroup;
			children = (
				03EC8E2A1B45D77E00E9319A /* Main.storyboard */,
				03EC8E211B45D77E00E9319A /* AppDelegate.h */,
				03EC8E221B45D77E00E9319A /* AppDelegate.m */,
				036807D81B4AF41B00AADDCE /* Initial Pages */,
				036807D91B4AF42F00AADDCE /* Main Pages */,
				03EC8E2D1B45D77E00E9319A /* Images.xcassets */,
				03EC8E241B45D77E00E9319A /* Engo.xcdatamodeld */,
				03EC8E1D1B45D77E00E9319A /* Supporting Files */,
			);
			path = Engo;
			sourceTree = "<group>";
		};
		03EC8E1D1B45D77E00E9319A /* Supporting Files */ = {
			isa = PBXGroup;
			children = (
				03EC8E1E1B45D77E00E9319A /* Info.plist */,
				03EC8E1F1B45D77E00E9319A /* main.m */,
			);
			name = "Supporting Files";
			sourceTree = "<group>";
		};
		03EC8E391B45D77E00E9319A /* EngoTests */ = {
			isa = PBXGroup;
			children = (
				03EC8E3C1B45D77E00E9319A /* EngoTests.m */,
				03EC8E3A1B45D77E00E9319A /* Supporting Files */,
			);
			path = EngoTests;
			sourceTree = "<group>";
		};
		03EC8E3A1B45D77E00E9319A /* Supporting Files */ = {
			isa = PBXGroup;
			children = (
				03EC8E3B1B45D77E00E9319A /* Info.plist */,
			);
			name = "Supporting Files";
			sourceTree = "<group>";
		};
/* End PBXGroup section */

/* Begin PBXNativeTarget section */
		03EC8E191B45D77D00E9319A /* Engo */ = {
			isa = PBXNativeTarget;
			buildConfigurationList = 03EC8E401B45D77E00E9319A /* Build configuration list for PBXNativeTarget "Engo" */;
			buildPhases = (
				03EC8E161B45D77D00E9319A /* Sources */,
				03EC8E171B45D77D00E9319A /* Frameworks */,
				03EC8E181B45D77D00E9319A /* Resources */,
			);
			buildRules = (
			);
			dependencies = (
			);
			name = Engo;
			productName = Engo;
			productReference = 03EC8E1A1B45D77E00E9319A /* Engo.app */;
			productType = "com.apple.product-type.application";
		};
		03EC8E351B45D77E00E9319A /* EngoTests */ = {
			isa = PBXNativeTarget;
			buildConfigurationList = 03EC8E431B45D77E00E9319A /* Build configuration list for PBXNativeTarget "EngoTests" */;
			buildPhases = (
				03EC8E321B45D77E00E9319A /* Sources */,
				03EC8E331B45D77E00E9319A /* Frameworks */,
				03EC8E341B45D77E00E9319A /* Resources */,
			);
			buildRules = (
			);
			dependencies = (
				03EC8E381B45D77E00E9319A /* PBXTargetDependency */,
			);
			name = EngoTests;
			productName = EngoTests;
			productReference = 03EC8E361B45D77E00E9319A /* EngoTests.xctest */;
			productType = "com.apple.product-type.bundle.unit-test";
		};
/* End PBXNativeTarget section */

/* Begin PBXProject section */
		03EC8E121B45D77D00E9319A /* Project object */ = {
			isa = PBXProject;
			attributes = {
				LastUpgradeCheck = 0630;
				ORGANIZATIONNAME = "Sheldon Productions";
				TargetAttributes = {
					03EC8E191B45D77D00E9319A = {
						CreatedOnToolsVersion = 6.3.2;
					};
					03EC8E351B45D77E00E9319A = {
						CreatedOnToolsVersion = 6.3.2;
						TestTargetID = 03EC8E191B45D77D00E9319A;
					};
				};
			};
			buildConfigurationList = 03EC8E151B45D77D00E9319A /* Build configuration list for PBXProject "Engo" */;
			compatibilityVersion = "Xcode 3.2";
			developmentRegion = English;
			hasScannedForEncodings = 0;
			knownRegions = (
				en,
				Base,
			);
			mainGroup = 03EC8E111B45D77D00E9319A;
			productRefGroup = 03EC8E1B1B45D77E00E9319A /* Products */;
			projectDirPath = "";
			projectRoot = "";
			targets = (
				03EC8E191B45D77D00E9319A /* Engo */,
				03EC8E351B45D77E00E9319A /* EngoTests */,
			);
		};
/* End PBXProject section */

/* Begin PBXResourcesBuildPhase section */
		03EC8E181B45D77D00E9319A /* Resources */ = {
			isa = PBXResourcesBuildPhase;
			buildActionMask = 2147483647;
			files = (
				036807D61B4AF40D00AADDCE /* LandingViewController.xib in Resources */,
				036807AC1B4AF11100AADDCE /* LogInViewController.xib in Resources */,
				036807E41B4AF5B300AADDCE /* SettingsViewController.xib in Resources */,
				036807EA1B4AF5F500AADDCE /* EventsViewController.xib in Resources */,
				03EC8E2C1B45D77E00E9319A /* Main.storyboard in Resources */,
				036807CA1B4AF2EA00AADDCE /* SignUpViewController.xib in Resources */,
				036807DE1B4AF57C00AADDCE /* BallViewController.xib in Resources */,
				03EC8E2E1B45D77E00E9319A /* Images.xcassets in Resources */,
			);
			runOnlyForDeploymentPostprocessing = 0;
		};
		03EC8E341B45D77E00E9319A /* Resources */ = {
			isa = PBXResourcesBuildPhase;
			buildActionMask = 2147483647;
			files = (
			);
			runOnlyForDeploymentPostprocessing = 0;
		};
/* End PBXResourcesBuildPhase section */

/* Begin PBXSourcesBuildPhase section */
		03EC8E161B45D77D00E9319A /* Sources */ = {
			isa = PBXSourcesBuildPhase;
			buildActionMask = 2147483647;
			files = (
				03EC8E231B45D77E00E9319A /* AppDelegate.m in Sources */,
				036807DD1B4AF57C00AADDCE /* BallViewController.m in Sources */,
				036807D51B4AF40D00AADDCE /* LandingViewController.m in Sources */,
				036807E31B4AF5B300AADDCE /* SettingsViewController.m in Sources */,
				036807C91B4AF2EA00AADDCE /* SignUpViewController.m in Sources */,
				03EC8E201B45D77E00E9319A /* main.m in Sources */,
				036807AB1B4AF11100AADDCE /* LogInViewController.m in Sources */,
				036807E91B4AF5F500AADDCE /* EventsViewController.m in Sources */,
				03EC8E261B45D77E00E9319A /* Engo.xcdatamodeld in Sources */,
			);
			runOnlyForDeploymentPostprocessing = 0;
		};
		03EC8E321B45D77E00E9319A /* Sources */ = {
			isa = PBXSourcesBuildPhase;
			buildActionMask = 2147483647;
			files = (
				03EC8E3D1B45D77E00E9319A /* EngoTests.m in Sources */,
			);
			runOnlyForDeploymentPostprocessing = 0;
		};
/* End PBXSourcesBuildPhase section */

/* Begin PBXTargetDependency section */
		03EC8E381B45D77E00E9319A /* PBXTargetDependency */ = {
			isa = PBXTargetDependency;
			target = 03EC8E191B45D77D00E9319A /* Engo */;
			targetProxy = 03EC8E371B45D77E00E9319A /* PBXContainerItemProxy */;
		};
/* End PBXTargetDependency section */

/* Begin PBXVariantGroup section */
		03EC8E2A1B45D77E00E9319A /* Main.storyboard */ = {
			isa = PBXVariantGroup;
			children = (
				03EC8E2B1B45D77E00E9319A /* Base */,
			);
			name = Main.storyboard;
			sourceTree = "<group>";
		};
/* End PBXVariantGroup section */

/* Begin XCBuildConfiguration section */
		03EC8E3E1B45D77E00E9319A /* Debug */ = {
			isa = XCBuildConfiguration;
			buildSettings = {
				ALWAYS_SEARCH_USER_PATHS = NO;
				CLANG_CXX_LANGUAGE_STANDARD = "gnu++0x";
				CLANG_CXX_LIBRARY = "libc++";
				CLANG_ENABLE_MODULES = YES;
				CLANG_ENABLE_OBJC_ARC = YES;
				CLANG_WARN_BOOL_CONVERSION = YES;
				CLANG_WARN_CONSTANT_CONVERSION = YES;
				CLANG_WARN_DIRECT_OBJC_ISA_USAGE = YES_ERROR;
				CLANG_WARN_EMPTY_BODY = YES;
				CLANG_WARN_ENUM_CONVERSION = YES;
				CLANG_WARN_INT_CONVERSION = YES;
				CLANG_WARN_OBJC_ROOT_CLASS = YES_ERROR;
				CLANG_WARN_UNREACHABLE_CODE = YES;
				CLANG_WARN__DUPLICATE_METHOD_MATCH = YES;
				"CODE_SIGN_IDENTITY[sdk=iphoneos*]" = "iPhone Developer";
				COPY_PHASE_STRIP = NO;
				DEBUG_INFORMATION_FORMAT = "dwarf-with-dsym";
				ENABLE_STRICT_OBJC_MSGSEND = YES;
				GCC_C_LANGUAGE_STANDARD = gnu99;
				GCC_DYNAMIC_NO_PIC = NO;
				GCC_NO_COMMON_BLOCKS = YES;
				GCC_OPTIMIZATION_LEVEL = 0;
				GCC_PREPROCESSOR_DEFINITIONS = (
					"DEBUG=1",
					"$(inherited)",
				);
				GCC_SYMBOLS_PRIVATE_EXTERN = NO;
				GCC_WARN_64_TO_32_BIT_CONVERSION = YES;
				GCC_WARN_ABOUT_RETURN_TYPE = YES_ERROR;
				GCC_WARN_UNDECLARED_SELECTOR = YES;
				GCC_WARN_UNINITIALIZED_AUTOS = YES_AGGRESSIVE;
				GCC_WARN_UNUSED_FUNCTION = YES;
				GCC_WARN_UNUSED_VARIABLE = YES;
				IPHONEOS_DEPLOYMENT_TARGET = 8.3;
				MTL_ENABLE_DEBUG_INFO = YES;
				ONLY_ACTIVE_ARCH = YES;
				SDKROOT = iphoneos;
			};
			name = Debug;
		};
		03EC8E3F1B45D77E00E9319A /* Release */ = {
			isa = XCBuildConfiguration;
			buildSettings = {
				ALWAYS_SEARCH_USER_PATHS = NO;
				CLANG_CXX_LANGUAGE_STANDARD = "gnu++0x";
				CLANG_CXX_LIBRARY = "libc++";
				CLANG_ENABLE_MODULES = YES;
				CLANG_ENABLE_OBJC_ARC = YES;
				CLANG_WARN_BOOL_CONVERSION = YES;
				CLANG_WARN_CONSTANT_CONVERSION = YES;
				CLANG_WARN_DIRECT_OBJC_ISA_USAGE = YES_ERROR;
				CLANG_WARN_EMPTY_BODY = YES;
				CLANG_WARN_ENUM_CONVERSION = YES;
				CLANG_WARN_INT_CONVERSION = YES;
				CLANG_WARN_OBJC_ROOT_CLASS = YES_ERROR;
				CLANG_WARN_UNREACHABLE_CODE = YES;
				CLANG_WARN__DUPLICATE_METHOD_MATCH = YES;
				"CODE_SIGN_IDENTITY[sdk=iphoneos*]" = "iPhone Developer";
				COPY_PHASE_STRIP = NO;
				DEBUG_INFORMATION_FORMAT = "dwarf-with-dsym";
				ENABLE_NS_ASSERTIONS = NO;
				ENABLE_STRICT_OBJC_MSGSEND = YES;
				GCC_C_LANGUAGE_STANDARD = gnu99;
				GCC_NO_COMMON_BLOCKS = YES;
				GCC_WARN_64_TO_32_BIT_CONVERSION = YES;
				GCC_WARN_ABOUT_RETURN_TYPE = YES_ERROR;
				GCC_WARN_UNDECLARED_SELECTOR = YES;
				GCC_WARN_UNINITIALIZED_AUTOS = YES_AGGRESSIVE;
				GCC_WARN_UNUSED_FUNCTION = YES;
				GCC_WARN_UNUSED_VARIABLE = YES;
				IPHONEOS_DEPLOYMENT_TARGET = 8.3;
				MTL_ENABLE_DEBUG_INFO = NO;
				SDKROOT = iphoneos;
				VALIDATE_PRODUCT = YES;
			};
			name = Release;
		};
		03EC8E411B45D77E00E9319A /* Debug */ = {
			isa = XCBuildConfiguration;
			buildSettings = {
				ASSETCATALOG_COMPILER_APPICON_NAME = AppIcon;
				INFOPLIST_FILE = Engo/Info.plist;
				LD_RUNPATH_SEARCH_PATHS = "$(inherited) @executable_path/Frameworks";
				PRODUCT_NAME = "$(TARGET_NAME)";
			};
			name = Debug;
		};
		03EC8E421B45D77E00E9319A /* Release */ = {
			isa = XCBuildConfiguration;
			buildSettings = {
				ASSETCATALOG_COMPILER_APPICON_NAME = AppIcon;
				INFOPLIST_FILE = Engo/Info.plist;
				LD_RUNPATH_SEARCH_PATHS = "$(inherited) @executable_path/Frameworks";
				PRODUCT_NAME = "$(TARGET_NAME)";
			};
			name = Release;
		};
		03EC8E441B45D77E00E9319A /* Debug */ = {
			isa = XCBuildConfiguration;
			buildSettings = {
				BUNDLE_LOADER = "$(TEST_HOST)";
				FRAMEWORK_SEARCH_PATHS = (
					"$(SDKROOT)/Developer/Library/Frameworks",
					"$(inherited)",
				);
				GCC_PREPROCESSOR_DEFINITIONS = (
					"DEBUG=1",
					"$(inherited)",
				);
				INFOPLIST_FILE = EngoTests/Info.plist;
				LD_RUNPATH_SEARCH_PATHS = "$(inherited) @executable_path/Frameworks @loader_path/Frameworks";
				PRODUCT_NAME = "$(TARGET_NAME)";
				TEST_HOST = "$(BUILT_PRODUCTS_DIR)/Engo.app/Engo";
			};
			name = Debug;
		};
		03EC8E451B45D77E00E9319A /* Release */ = {
			isa = XCBuildConfiguration;
			buildSettings = {
				BUNDLE_LOADER = "$(TEST_HOST)";
				FRAMEWORK_SEARCH_PATHS = (
					"$(SDKROOT)/Developer/Library/Frameworks",
					"$(inherited)",
				);
				INFOPLIST_FILE = EngoTests/Info.plist;
				LD_RUNPATH_SEARCH_PATHS = "$(inherited) @executable_path/Frameworks @loader_path/Frameworks";
				PRODUCT_NAME = "$(TARGET_NAME)";
				TEST_HOST = "$(BUILT_PRODUCTS_DIR)/Engo.app/Engo";
			};
			name = Release;
		};
/* End XCBuildConfiguration section */

/* Begin XCConfigurationList section */
		03EC8E151B45D77D00E9319A /* Build configuration list for PBXProject "Engo" */ = {
			isa = XCConfigurationList;
			buildConfigurations = (
				03EC8E3E1B45D77E00E9319A /* Debug */,
				03EC8E3F1B45D77E00E9319A /* Release */,
			);
			defaultConfigurationIsVisible = 0;
			defaultConfigurationName = Release;
		};
		03EC8E401B45D77E00E9319A /* Build configuration list for PBXNativeTarget "Engo" */ = {
			isa = XCConfigurationList;
			buildConfigurations = (
				03EC8E411B45D77E00E9319A /* Debug */,
				03EC8E421B45D77E00E9319A /* Release */,
			);
			defaultConfigurationIsVisible = 0;
			defaultConfigurationName = Release;
		};
		03EC8E431B45D77E00E9319A /* Build configuration list for PBXNativeTarget "EngoTests" */ = {
			isa = XCConfigurationList;
			buildConfigurations = (
				03EC8E441B45D77E00E9319A /* Debug */,
				03EC8E451B45D77E00E9319A /* Release */,
			);
			defaultConfigurationIsVisible = 0;
			defaultConfigurationName = Release;
		};
/* End XCConfigurationList section */

/* Begin XCVersionGroup section */
		03EC8E241B45D77E00E9319A /* Engo.xcdatamodeld */ = {
			isa = XCVersionGroup;
			children = (
				03EC8E251B45D77E00E9319A /* Engo.xcdatamodel */,
			);
			currentVersion = 03EC8E251B45D77E00E9319A /* Engo.xcdatamodel */;
			path = Engo.xcdatamodeld;
			sourceTree = "<group>";
			versionGroupType = wrapper.xcdatamodel;
		};
/* End XCVersionGroup section */
	};
	rootObject = 03EC8E121B45D77D00E9319A /* Project object */;
}
